
Microsoft Visual Studio Solution File, Format Version 12.00
# Visual Studio Version 17
VisualStudioVersion = 17.9.34616.47
MinimumVisualStudioVersion = 10.0.40219.1
Project("{FAE04EC0-301F-11D3-BF4B-00C04F79EFBC}") = "Output", "Output\Output.csproj", "{6AE98CF1-5BF9-4516-BEBC-16C857602409}"
EndProject
Global
	GlobalSection(SolutionConfigurationPlatforms) = preSolution
		Debug|Any CPU = Debug|Any CPU
		Release|Any CPU = Release|Any CPU
	EndGlobalSection
	GlobalSection(ProjectConfigurationPlatforms) = postSolution
		{6AE98CF1-5BF9-4516-BEBC-16C857602409}.Debug|Any CPU.ActiveCfg = Debug|Any CPU
		{6AE98CF1-5BF9-4516-BEBC-16C857602409}.Debug|Any CPU.Build.0 = Debug|Any CPU
		{6AE98CF1-5BF9-4516-BEBC-16C857602409}.Release|Any CPU.ActiveCfg = Release|Any CPU
		{6AE98CF1-5BF9-4516-BEBC-16C857602409}.Release|Any CPU.Build.0 = Release|Any CPU
	EndGlobalSection
	GlobalSection(SolutionProperties) = preSolution
		HideSolutionNode = FALSE
	EndGlobalSection
	GlobalSection(ExtensibilityGlobals) = postSolution
		SolutionGuid = {8D2F8DF5-C849-4F7F-B312-F23F1EBB6BBD}
	EndGlobalSection
EndGlobal
